
Microsoft Visual Studio Solution File, Format Version 12.00
# Visual Studio Version 17
VisualStudioVersion = 17.10.35013.160
MinimumVisualStudioVersion = 10.0.40219.1
Project("{FAE04EC0-301F-11D3-BF4B-00C04F79EFBC}") = "Assignment_LINQ_1", "Assignment_LINQ_1.csproj", "{7A417EA3-C12B-4E46-8EFE-55A49DADE080}"
EndProject
Global
	GlobalSection(SolutionConfigurationPlatforms) = preSolution
		Debug|Any CPU = Debug|Any CPU
		Release|Any CPU = Release|Any CPU
	EndGlobalSection
	GlobalSection(ProjectConfigurationPlatforms) = postSolution
		{7A417EA3-C12B-4E46-8EFE-55A49DADE080}.Debug|Any CPU.ActiveCfg = Debug|Any CPU
		{7A417EA3-C12B-4E46-8EFE-55A49DADE080}.Debug|Any CPU.Build.0 = Debug|Any CPU
		{7A417EA3-C12B-4E46-8EFE-55A49DADE080}.Release|Any CPU.ActiveCfg = Release|Any CPU
		{7A417EA3-C12B-4E46-8EFE-55A49DADE080}.Release|Any CPU.Build.0 = Release|Any CPU
	EndGlobalSection
	GlobalSection(SolutionProperties) = preSolution
		HideSolutionNode = FALSE
	EndGlobalSection
	GlobalSection(ExtensibilityGlobals) = postSolution
		SolutionGuid = {2281C555-0F59-480B-8AB0-A92F13DA6AF7}
	EndGlobalSection
EndGlobal
